
Microsoft Visual Studio Solution File, Format Version 12.00
# Visual Studio Version 16
VisualStudioVersion = 16.0.31205.134
MinimumVisualStudioVersion = 10.0.40219.1
Project("{2150E333-8FDC-42A3-9474-1A3956D46DE8}") = "FrontEnd", "FrontEnd", "{33807B60-25B5-4AB5-8F00-04A3E45F39FB}"
EndProject
Project("{9A19103F-16F7-4668-BE54-9A1E7A4F7556}") = "Micro.Web", "Micro.Web\Micro.Web.csproj", "{CFDDC2AB-A43E-4AA5-949F-B230CDFF4A34}"
EndProject
Project("{2150E333-8FDC-42A3-9474-1A3956D46DE8}") = "Services", "Services", "{2B17B134-366B-4A28-8D5E-FB43E53D879B}"
EndProject
Project("{9A19103F-16F7-4668-BE54-9A1E7A4F7556}") = "Micro.Service.ProductAPI", "Micro.Service.ProductAPI\Micro.Service.ProductAPI.csproj", "{A695138D-E7CD-42D7-A72F-3B5828A08BC5}"
EndProject
Project("{9A19103F-16F7-4668-BE54-9A1E7A4F7556}") = "Micro.Service.Identity", "Micro.Service.Identity\Micro.Service.Identity.csproj", "{22112A57-428D-4B34-B4DB-8131ECFF511C}"
EndProject
Project("{9A19103F-16F7-4668-BE54-9A1E7A4F7556}") = "Micro.Service.ShoppingCartAPI", "Micro.Service.ShoppingCartAPI\Micro.Service.ShoppingCartAPI.csproj", "{1024F48F-E371-40FC-AC2D-87EDEA1A93DB}"
EndProject
Project("{9A19103F-16F7-4668-BE54-9A1E7A4F7556}") = "Micro.Service.CouponAPI", "Micro.Service.CouponAPI\Micro.Service.CouponAPI.csproj", "{F5A2AC8B-4AAC-4586-AB63-BAEA66B90E69}"
EndProject
Project("{9A19103F-16F7-4668-BE54-9A1E7A4F7556}") = "Micro.Service.OrderAPI", "Micro.Service.OrderAPI\Micro.Service.OrderAPI.csproj", "{F4B3E1CA-6A28-4A82-9E1E-A692FE605089}"
EndProject
Project("{2150E333-8FDC-42A3-9474-1A3956D46DE8}") = "Integration", "Integration", "{121991F0-B9E6-4B9E-945C-0E6D71DBC522}"
EndProject
Project("{9A19103F-16F7-4668-BE54-9A1E7A4F7556}") = "Micro.MessageBus", "Micro.MessageBus\Micro.MessageBus.csproj", "{9BC66920-6965-42DB-84E1-52E3D0834579}"
EndProject
Project("{2150E333-8FDC-42A3-9474-1A3956D46DE8}") = "Payments", "Payments", "{A74E3258-DC31-473C-8F5C-70D998D3A27A}"
EndProject
Project("{FAE04EC0-301F-11D3-BF4B-00C04F79EFBC}") = "PaymentProcessor", "PaymentProcessor\PaymentProcessor.csproj", "{36BD10D6-917C-4C04-9EDA-9EA3112894C6}"
EndProject
Project("{FAE04EC0-301F-11D3-BF4B-00C04F79EFBC}") = "Micro.Service.PaymentAPI", "Micro.Service.PaymentAPI\Micro.Service.PaymentAPI.csproj", "{B6D4188C-3EB8-4E0D-B342-504F8BA0512A}"
EndProject
Project("{FAE04EC0-301F-11D3-BF4B-00C04F79EFBC}") = "Micro.Service.Email", "Micro.Service.Email\Micro.Service.Email.csproj", "{71E25FE6-BC78-4EAC-A463-AF97ABCC14C3}"
EndProject
Project("{2150E333-8FDC-42A3-9474-1A3956D46DE8}") = "Gateway", "Gateway", "{30008E61-7F77-409D-A57B-55E27ADA9760}"
EndProject
Project("{FAE04EC0-301F-11D3-BF4B-00C04F79EFBC}") = "Micro.OcelotGateway", "Micro.OcelotGateway\Micro.OcelotGateway.csproj", "{DDD67387-DE9D-4C4C-BB8A-CF9F9CD76772}"
EndProject
Global
	GlobalSection(SolutionConfigurationPlatforms) = preSolution
		Debug|Any CPU = Debug|Any CPU
		Release|Any CPU = Release|Any CPU
	EndGlobalSection
	GlobalSection(ProjectConfigurationPlatforms) = postSolution
		{CFDDC2AB-A43E-4AA5-949F-B230CDFF4A34}.Debug|Any CPU.ActiveCfg = Debug|Any CPU
		{CFDDC2AB-A43E-4AA5-949F-B230CDFF4A34}.Debug|Any CPU.Build.0 = Debug|Any CPU
		{CFDDC2AB-A43E-4AA5-949F-B230CDFF4A34}.Release|Any CPU.ActiveCfg = Release|Any CPU
		{CFDDC2AB-A43E-4AA5-949F-B230CDFF4A34}.Release|Any CPU.Build.0 = Release|Any CPU
		{A695138D-E7CD-42D7-A72F-3B5828A08BC5}.Debug|Any CPU.ActiveCfg = Debug|Any CPU
		{A695138D-E7CD-42D7-A72F-3B5828A08BC5}.Debug|Any CPU.Build.0 = Debug|Any CPU
		{A695138D-E7CD-42D7-A72F-3B5828A08BC5}.Release|Any CPU.ActiveCfg = Release|Any CPU
		{A695138D-E7CD-42D7-A72F-3B5828A08BC5}.Release|Any CPU.Build.0 = Release|Any CPU
		{22112A57-428D-4B34-B4DB-8131ECFF511C}.Debug|Any CPU.ActiveCfg = Debug|Any CPU
		{22112A57-428D-4B34-B4DB-8131ECFF511C}.Debug|Any CPU.Build.0 = Debug|Any CPU
		{22112A57-428D-4B34-B4DB-8131ECFF511C}.Release|Any CPU.ActiveCfg = Release|Any CPU
		{22112A57-428D-4B34-B4DB-8131ECFF511C}.Release|Any CPU.Build.0 = Release|Any CPU
		{1024F48F-E371-40FC-AC2D-87EDEA1A93DB}.Debug|Any CPU.ActiveCfg = Debug|Any CPU
		{1024F48F-E371-40FC-AC2D-87EDEA1A93DB}.Debug|Any CPU.Build.0 = Debug|Any CPU
		{1024F48F-E371-40FC-AC2D-87EDEA1A93DB}.Release|Any CPU.ActiveCfg = Release|Any CPU
		{1024F48F-E371-40FC-AC2D-87EDEA1A93DB}.Release|Any CPU.Build.0 = Release|Any CPU
		{F5A2AC8B-4AAC-4586-AB63-BAEA66B90E69}.Debug|Any CPU.ActiveCfg = Debug|Any CPU
		{F5A2AC8B-4AAC-4586-AB63-BAEA66B90E69}.Debug|Any CPU.Build.0 = Debug|Any CPU
		{F5A2AC8B-4AAC-4586-AB63-BAEA66B90E69}.Release|Any CPU.ActiveCfg = Release|Any CPU
		{F5A2AC8B-4AAC-4586-AB63-BAEA66B90E69}.Release|Any CPU.Build.0 = Release|Any CPU
		{F4B3E1CA-6A28-4A82-9E1E-A692FE605089}.Debug|Any CPU.ActiveCfg = Debug|Any CPU
		{F4B3E1CA-6A28-4A82-9E1E-A692FE605089}.Debug|Any CPU.Build.0 = Debug|Any CPU
		{F4B3E1CA-6A28-4A82-9E1E-A692FE605089}.Release|Any CPU.ActiveCfg = Release|Any CPU
		{F4B3E1CA-6A28-4A82-9E1E-A692FE605089}.Release|Any CPU.Build.0 = Release|Any CPU
		{9BC66920-6965-42DB-84E1-52E3D0834579}.Debug|Any CPU.ActiveCfg = Debug|Any CPU
		{9BC66920-6965-42DB-84E1-52E3D0834579}.Debug|Any CPU.Build.0 = Debug|Any CPU
		{9BC66920-6965-42DB-84E1-52E3D0834579}.Release|Any CPU.ActiveCfg = Release|Any CPU
		{9BC66920-6965-42DB-84E1-52E3D0834579}.Release|Any CPU.Build.0 = Release|Any CPU
		{36BD10D6-917C-4C04-9EDA-9EA3112894C6}.Debug|Any CPU.ActiveCfg = Debug|Any CPU
		{36BD10D6-917C-4C04-9EDA-9EA3112894C6}.Debug|Any CPU.Build.0 = Debug|Any CPU
		{36BD10D6-917C-4C04-9EDA-9EA3112894C6}.Release|Any CPU.ActiveCfg = Release|Any CPU
		{36BD10D6-917C-4C04-9EDA-9EA3112894C6}.Release|Any CPU.Build.0 = Release|Any CPU
		{B6D4188C-3EB8-4E0D-B342-504F8BA0512A}.Debug|Any CPU.ActiveCfg = Debug|Any CPU
		{B6D4188C-3EB8-4E0D-B342-504F8BA0512A}.Debug|Any CPU.Build.0 = Debug|Any CPU
		{B6D4188C-3EB8-4E0D-B342-504F8BA0512A}.Release|Any CPU.ActiveCfg = Release|Any CPU
		{B6D4188C-3EB8-4E0D-B342-504F8BA0512A}.Release|Any CPU.Build.0 = Release|Any CPU
		{71E25FE6-BC78-4EAC-A463-AF97ABCC14C3}.Debug|Any CPU.ActiveCfg = Debug|Any CPU
		{71E25FE6-BC78-4EAC-A463-AF97ABCC14C3}.Debug|Any CPU.Build.0 = Debug|Any CPU
		{71E25FE6-BC78-4EAC-A463-AF97ABCC14C3}.Release|Any CPU.ActiveCfg = Release|Any CPU
		{71E25FE6-BC78-4EAC-A463-AF97ABCC14C3}.Release|Any CPU.Build.0 = Release|Any CPU
		{DDD67387-DE9D-4C4C-BB8A-CF9F9CD76772}.Debug|Any CPU.ActiveCfg = Debug|Any CPU
		{DDD67387-DE9D-4C4C-BB8A-CF9F9CD76772}.Debug|Any CPU.Build.0 = Debug|Any CPU
		{DDD67387-DE9D-4C4C-BB8A-CF9F9CD76772}.Release|Any CPU.ActiveCfg = Release|Any CPU
		{DDD67387-DE9D-4C4C-BB8A-CF9F9CD76772}.Release|Any CPU.Build.0 = Release|Any CPU
	EndGlobalSection
	GlobalSection(SolutionProperties) = preSolution
		HideSolutionNode = FALSE
	EndGlobalSection
	GlobalSection(NestedProjects) = preSolution
		{CFDDC2AB-A43E-4AA5-949F-B230CDFF4A34} = {33807B60-25B5-4AB5-8F00-04A3E45F39FB}
		{A695138D-E7CD-42D7-A72F-3B5828A08BC5} = {2B17B134-366B-4A28-8D5E-FB43E53D879B}
		{22112A57-428D-4B34-B4DB-8131ECFF511C} = {2B17B134-366B-4A28-8D5E-FB43E53D879B}
		{1024F48F-E371-40FC-AC2D-87EDEA1A93DB} = {2B17B134-366B-4A28-8D5E-FB43E53D879B}
		{F5A2AC8B-4AAC-4586-AB63-BAEA66B90E69} = {2B17B134-366B-4A28-8D5E-FB43E53D879B}
		{F4B3E1CA-6A28-4A82-9E1E-A692FE605089} = {2B17B134-366B-4A28-8D5E-FB43E53D879B}
		{9BC66920-6965-42DB-84E1-52E3D0834579} = {121991F0-B9E6-4B9E-945C-0E6D71DBC522}
		{36BD10D6-917C-4C04-9EDA-9EA3112894C6} = {A74E3258-DC31-473C-8F5C-70D998D3A27A}
		{B6D4188C-3EB8-4E0D-B342-504F8BA0512A} = {2B17B134-366B-4A28-8D5E-FB43E53D879B}
		{71E25FE6-BC78-4EAC-A463-AF97ABCC14C3} = {2B17B134-366B-4A28-8D5E-FB43E53D879B}
		{DDD67387-DE9D-4C4C-BB8A-CF9F9CD76772} = {30008E61-7F77-409D-A57B-55E27ADA9760}
	EndGlobalSection
	GlobalSection(ExtensibilityGlobals) = postSolution
		SolutionGuid = {C08C1927-E0CF-40DF-B04B-D11DF8F84701}
	EndGlobalSection
EndGlobal
